
Microsoft Visual Studio Solution File, Format Version 12.00
# Visual Studio Version 16
VisualStudioVersion = 16.0.30804.86
MinimumVisualStudioVersion = 10.0.40219.1
Project("{9092AA53-FB77-4645-B42D-1CCCA6BD08BD}") = "apiserver", "apiserver\apiserver.njsproj", "{EEB5841F-624D-42F8-884F-79F3BC9EDE91}"
EndProject
Project("{9092AA53-FB77-4645-B42D-1CCCA6BD08BD}") = "client", "client\client.njsproj", "{09C0C880-0B10-4AA1-B2F3-72D1A9C4001D}"
EndProject
Global
	GlobalSection(SolutionConfigurationPlatforms) = preSolution
		Debug|Any CPU = Debug|Any CPU
		Release|Any CPU = Release|Any CPU
	EndGlobalSection
	GlobalSection(ProjectConfigurationPlatforms) = postSolution
		{EEB5841F-624D-42F8-884F-79F3BC9EDE91}.Debug|Any CPU.ActiveCfg = Debug|Any CPU
		{EEB5841F-624D-42F8-884F-79F3BC9EDE91}.Debug|Any CPU.Build.0 = Debug|Any CPU
		{EEB5841F-624D-42F8-884F-79F3BC9EDE91}.Release|Any CPU.ActiveCfg = Release|Any CPU
		{EEB5841F-624D-42F8-884F-79F3BC9EDE91}.Release|Any CPU.Build.0 = Release|Any CPU
		{09C0C880-0B10-4AA1-B2F3-72D1A9C4001D}.Debug|Any CPU.ActiveCfg = Debug|Any CPU
		{09C0C880-0B10-4AA1-B2F3-72D1A9C4001D}.Debug|Any CPU.Build.0 = Debug|Any CPU
		{09C0C880-0B10-4AA1-B2F3-72D1A9C4001D}.Release|Any CPU.ActiveCfg = Release|Any CPU
		{09C0C880-0B10-4AA1-B2F3-72D1A9C4001D}.Release|Any CPU.Build.0 = Release|Any CPU
	EndGlobalSection
	GlobalSection(SolutionProperties) = preSolution
		HideSolutionNode = FALSE
	EndGlobalSection
	GlobalSection(ExtensibilityGlobals) = postSolution
		SolutionGuid = {FE3515D4-D2B7-49C4-AA79-BBB419B98CE3}
	EndGlobalSection
EndGlobal
